// !$*UTF8*$!
{
	archiveVersion = 1;
	classes = {
	};
	objectVersion = 56;
	objects = {

/* Begin PBXBuildFile section */
		87040EA9299C923B0086B058 /* AppDelegate.swift in Sources */ = {isa = PBXBuildFile; fileRef = 87040EA8299C923B0086B058 /* AppDelegate.swift */; };
		87040EAB299C923B0086B058 /* SceneDelegate.swift in Sources */ = {isa = PBXBuildFile; fileRef = 87040EAA299C923B0086B058 /* SceneDelegate.swift */; };
		87040EAD299C923B0086B058 /* CountryListViewController.swift in Sources */ = {isa = PBXBuildFile; fileRef = 87040EAC299C923B0086B058 /* CountryListViewController.swift */; };
		87040EB0299C923B0086B058 /* Main.storyboard in Resources */ = {isa = PBXBuildFile; fileRef = 87040EAE299C923B0086B058 /* Main.storyboard */; };
		87040EB2299C923E0086B058 /* Assets.xcassets in Resources */ = {isa = PBXBuildFile; fileRef = 87040EB1299C923E0086B058 /* Assets.xcassets */; };
		87040EB5299C923E0086B058 /* LaunchScreen.storyboard in Resources */ = {isa = PBXBuildFile; fileRef = 87040EB3299C923E0086B058 /* LaunchScreen.storyboard */; };
		87040EBE299C95860086B058 /* CountryListTableViewCell.swift in Sources */ = {isa = PBXBuildFile; fileRef = 87040EBD299C95860086B058 /* CountryListTableViewCell.swift */; };
		8711EC35299DEDBD009327CD /* Country.swift in Sources */ = {isa = PBXBuildFile; fileRef = 8711EC34299DEDBD009327CD /* Country.swift */; };
		8759E01F29A32E2000441FA4 /* CountryDetailViewController.swift in Sources */ = {isa = PBXBuildFile; fileRef = 8759E01E29A32E2000441FA4 /* CountryDetailViewController.swift */; };
/* End PBXBuildFile section */

/* Begin PBXFileReference section */
		87040EA5299C923B0086B058 /* TableViewExamples.app */ = {isa = PBXFileReference; explicitFileType = wrapper.application; includeInIndex = 0; path = TableViewExamples.app; sourceTree = BUILT_PRODUCTS_DIR; };
		87040EA8299C923B0086B058 /* AppDelegate.swift */ = {isa = PBXFileReference; lastKnownFileType = sourcecode.swift; path = AppDelegate.swift; sourceTree = "<group>"; };
		87040EAA299C923B0086B058 /* SceneDelegate.swift */ = {isa = PBXFileReference; lastKnownFileType = sourcecode.swift; path = SceneDelegate.swift; sourceTree = "<group>"; };
		87040EAC299C923B0086B058 /* CountryListViewController.swift */ = {isa = PBXFileReference; lastKnownFileType = sourcecode.swift; path = CountryListViewController.swift; sourceTree = "<group>"; };
		87040EAF299C923B0086B058 /* Base */ = {isa = PBXFileReference; lastKnownFileType = file.storyboard; name = Base; path = Base.lproj/Main.storyboard; sourceTree = "<group>"; };
		87040EB1299C923E0086B058 /* Assets.xcassets */ = {isa = PBXFileReference; lastKnownFileType = folder.assetcatalog; path = Assets.xcassets; sourceTree = "<group>"; };
		87040EB4299C923E0086B058 /* Base */ = {isa = PBXFileReference; lastKnownFileType = file.storyboard; name = Base; path = Base.lproj/LaunchScreen.storyboard; sourceTree = "<group>"; };
		87040EB6299C923E0086B058 /* Info.plist */ = {isa = PBXFileReference; lastKnownFileType = text.plist.xml; path = Info.plist; sourceTree = "<group>"; };
		87040EBD299C95860086B058 /* CountryListTableViewCell.swift */ = {isa = PBXFileReference; lastKnownFileType = sourcecode.swift; path = CountryListTableViewCell.swift; sourceTree = "<group>"; };
		8711EC34299DEDBD009327CD /* Country.swift */ = {isa = PBXFileReference; lastKnownFileType = sourcecode.swift; path = Country.swift; sourceTree = "<group>"; };
		8759E01E29A32E2000441FA4 /* CountryDetailViewController.swift */ = {isa = PBXFileReference; lastKnownFileType = sourcecode.swift; path = CountryDetailViewController.swift; sourceTree = "<group>"; };
/* End PBXFileReference section */

/* Begin PBXFrameworksBuildPhase section */
		87040EA2299C923B0086B058 /* Frameworks */ = {
			isa = PBXFrameworksBuildPhase;
			buildActionMask = 2147483647;
			files = (
			);
			runOnlyForDeploymentPostprocessing = 0;
		};
/* End PBXFrameworksBuildPhase section */

/* Begin PBXGroup section */
		87040E9C299C923A0086B058 = {
			isa = PBXGroup;
			children = (
				87040EA7299C923B0086B058 /* TableViewExamples */,
				87040EA6299C923B0086B058 /* Products */,
			);
			sourceTree = "<group>";
		};
		87040EA6299C923B0086B058 /* Products */ = {
			isa = PBXGroup;
			children = (
				87040EA5299C923B0086B058 /* TableViewExamples.app */,
			);
			name = Products;
			sourceTree = "<group>";
		};
		87040EA7299C923B0086B058 /* TableViewExamples */ = {
			isa = PBXGroup;
			children = (
				87040EA8299C923B0086B058 /* AppDelegate.swift */,
				87040EAA299C923B0086B058 /* SceneDelegate.swift */,
				8759E01B29A32C0F00441FA4 /* Country */,
				87040EAE299C923B0086B058 /* Main.storyboard */,
				87040EB1299C923E0086B058 /* Assets.xcassets */,
				87040EB3299C923E0086B058 /* LaunchScreen.storyboard */,
				87040EB6299C923E0086B058 /* Info.plist */,
			);
			path = TableViewExamples;
			sourceTree = "<group>";
		};
		87040EBC299C955E0086B058 /* Cell */ = {
			isa = PBXGroup;
			children = (
				87040EBD299C95860086B058 /* CountryListTableViewCell.swift */,
			);
			path = Cell;
			sourceTree = "<group>";
		};
		8711EC33299DED93009327CD /* Model */ = {
			isa = PBXGroup;
			children = (
				8711EC34299DEDBD009327CD /* Country.swift */,
			);
			path = Model;
			sourceTree = "<group>";
		};
		8759E01B29A32C0F00441FA4 /* Country */ = {
			isa = PBXGroup;
			children = (
				8711EC33299DED93009327CD /* Model */,
				8759E01C29A32C3B00441FA4 /* View */,
				8759E01D29A32C4E00441FA4 /* Controller */,
			);
			path = Country;
			sourceTree = "<group>";
		};
		8759E01C29A32C3B00441FA4 /* View */ = {
			isa = PBXGroup;
			children = (
				87040EBC299C955E0086B058 /* Cell */,
			);
			path = View;
			sourceTree = "<group>";
		};
		8759E01D29A32C4E00441FA4 /* Controller */ = {
			isa = PBXGroup;
			children = (
				87040EAC299C923B0086B058 /* CountryListViewController.swift */,
				8759E01E29A32E2000441FA4 /* CountryDetailViewController.swift */,
			);
			path = Controller;
			sourceTree = "<group>";
		};
/* End PBXGroup section */

/* Begin PBXNativeTarget section */
		87040EA4299C923B0086B058 /* TableViewExamples */ = {
			isa = PBXNativeTarget;
			buildConfigurationList = 87040EB9299C923E0086B058 /* Build configuration list for PBXNativeTarget "TableViewExamples" */;
			buildPhases = (
				87040EA1299C923B0086B058 /* Sources */,
				87040EA2299C923B0086B058 /* Frameworks */,
				87040EA3299C923B0086B058 /* Resources */,
			);
			buildRules = (
			);
			dependencies = (
			);
			name = TableViewExamples;
			productName = TableViewExamples;
			productReference = 87040EA5299C923B0086B058 /* TableViewExamples.app */;
			productType = "com.apple.product-type.application";
		};
/* End PBXNativeTarget section */

/* Begin PBXProject section */
		87040E9D299C923A0086B058 /* Project object */ = {
			isa = PBXProject;
			attributes = {
				BuildIndependentTargetsInParallel = 1;
				LastSwiftUpdateCheck = 1420;
				LastUpgradeCheck = 1420;
				TargetAttributes = {
					87040EA4299C923B0086B058 = {
						CreatedOnToolsVersion = 14.2;
					};
				};
			};
			buildConfigurationList = 87040EA0299C923A0086B058 /* Build configuration list for PBXProject "TableViewExamples" */;
			compatibilityVersion = "Xcode 14.0";
			developmentRegion = en;
			hasScannedForEncodings = 0;
			knownRegions = (
				en,
				Base,
			);
			mainGroup = 87040E9C299C923A0086B058;
			productRefGroup = 87040EA6299C923B0086B058 /* Products */;
			projectDirPath = "";
			projectRoot = "";
			targets = (
				87040EA4299C923B0086B058 /* TableViewExamples */,
			);
		};
/* End PBXProject section */

/* Begin PBXResourcesBuildPhase section */
		87040EA3299C923B0086B058 /* Resources */ = {
			isa = PBXResourcesBuildPhase;
			buildActionMask = 2147483647;
			files = (
				87040EB5299C923E0086B058 /* LaunchScreen.storyboard in Resources */,
				87040EB2299C923E0086B058 /* Assets.xcassets in Resources */,
				87040EB0299C923B0086B058 /* Main.storyboard in Resources */,
			);
			runOnlyForDeploymentPostprocessing = 0;
		};
/* End PBXResourcesBuildPhase section */

/* Begin PBXSourcesBuildPhase section */
		87040EA1299C923B0086B058 /* Sources */ = {
			isa = PBXSourcesBuildPhase;
			buildActionMask = 2147483647;
			files = (
				8759E01F29A32E2000441FA4 /* CountryDetailViewController.swift in Sources */,
				87040EBE299C95860086B058 /* CountryListTableViewCell.swift in Sources */,
				87040EAD299C923B0086B058 /* CountryListViewController.swift in Sources */,
				87040EA9299C923B0086B058 /* AppDelegate.swift in Sources */,
				8711EC35299DEDBD009327CD /* Country.swift in Sources */,
				87040EAB299C923B0086B058 /* SceneDelegate.swift in Sources */,
			);
			runOnlyForDeploymentPostprocessing = 0;
		};
/* End PBXSourcesBuildPhase section */

/* Begin PBXVariantGroup section */
		87040EAE299C923B0086B058 /* Main.storyboard */ = {
			isa = PBXVariantGroup;
			children = (
				87040EAF299C923B0086B058 /* Base */,
			);
			name = Main.storyboard;
			sourceTree = "<group>";
		};
		87040EB3299C923E0086B058 /* LaunchScreen.storyboard */ = {
			isa = PBXVariantGroup;
			children = (
				87040EB4299C923E0086B058 /* Base */,
			);
			name = LaunchScreen.storyboard;
			sourceTree = "<group>";
		};
/* End PBXVariantGroup section */

/* Begin XCBuildConfiguration section */
		87040EB7299C923E0086B058 /* Debug */ = {
			isa = XCBuildConfiguration;
			buildSettings = {
				ALWAYS_SEARCH_USER_PATHS = NO;
				CLANG_ANALYZER_NONNULL = YES;
				CLANG_ANALYZER_NUMBER_OBJECT_CONVERSION = YES_AGGRESSIVE;
				CLANG_CXX_LANGUAGE_STANDARD = "gnu++20";
				CLANG_ENABLE_MODULES = YES;
				CLANG_ENABLE_OBJC_ARC = YES;
				CLANG_ENABLE_OBJC_WEAK = YES;
				CLANG_WARN_BLOCK_CAPTURE_AUTORELEASING = YES;
				CLANG_WARN_BOOL_CONVERSION = YES;
				CLANG_WARN_COMMA = YES;
				CLANG_WARN_CONSTANT_CONVERSION = YES;
				CLANG_WARN_DEPRECATED_OBJC_IMPLEMENTATIONS = YES;
				CLANG_WARN_DIRECT_OBJC_ISA_USAGE = YES_ERROR;
				CLANG_WARN_DOCUMENTATION_COMMENTS = YES;
				CLANG_WARN_EMPTY_BODY = YES;
				CLANG_WARN_ENUM_CONVERSION = YES;
				CLANG_WARN_INFINITE_RECURSION = YES;
				CLANG_WARN_INT_CONVERSION = YES;
				CLANG_WARN_NON_LITERAL_NULL_CONVERSION = YES;
				CLANG_WARN_OBJC_IMPLICIT_RETAIN_SELF = YES;
				CLANG_WARN_OBJC_LITERAL_CONVERSION = YES;
				CLANG_WARN_OBJC_ROOT_CLASS = YES_ERROR;
				CLANG_WARN_QUOTED_INCLUDE_IN_FRAMEWORK_HEADER = YES;
				CLANG_WARN_RANGE_LOOP_ANALYSIS = YES;
				CLANG_WARN_STRICT_PROTOTYPES = YES;
				CLANG_WARN_SUSPICIOUS_MOVE = YES;
				CLANG_WARN_UNGUARDED_AVAILABILITY = YES_AGGRESSIVE;
				CLANG_WARN_UNREACHABLE_CODE = YES;
				CLANG_WARN__DUPLICATE_METHOD_MATCH = YES;
				COPY_PHASE_STRIP = NO;
				DEBUG_INFORMATION_FORMAT = dwarf;
				ENABLE_STRICT_OBJC_MSGSEND = YES;
				ENABLE_TESTABILITY = YES;
				GCC_C_LANGUAGE_STANDARD = gnu11;
				GCC_DYNAMIC_NO_PIC = NO;
				GCC_NO_COMMON_BLOCKS = YES;
				GCC_OPTIMIZATION_LEVEL = 0;
				GCC_PREPROCESSOR_DEFINITIONS = (
					"DEBUG=1",
					"$(inherited)",
				);
				GCC_WARN_64_TO_32_BIT_CONVERSION = YES;
				GCC_WARN_ABOUT_RETURN_TYPE = YES_ERROR;
				GCC_WARN_UNDECLARED_SELECTOR = YES;
				GCC_WARN_UNINITIALIZED_AUTOS = YES_AGGRESSIVE;
				GCC_WARN_UNUSED_FUNCTION = YES;
				GCC_WARN_UNUSED_VARIABLE = YES;
				IPHONEOS_DEPLOYMENT_TARGET = 16.2;
				MTL_ENABLE_DEBUG_INFO = INCLUDE_SOURCE;
				MTL_FAST_MATH = YES;
				ONLY_ACTIVE_ARCH = YES;
				SDKROOT = iphoneos;
				SWIFT_ACTIVE_COMPILATION_CONDITIONS = DEBUG;
				SWIFT_OPTIMIZATION_LEVEL = "-Onone";
			};
			name = Debug;
		};
		87040EB8299C923E0086B058 /* Release */ = {
			isa = XCBuildConfiguration;
			buildSettings = {
				ALWAYS_SEARCH_USER_PATHS = NO;
				CLANG_ANALYZER_NONNULL = YES;
				CLANG_ANALYZER_NUMBER_OBJECT_CONVERSION = YES_AGGRESSIVE;
				CLANG_CXX_LANGUAGE_STANDARD = "gnu++20";
				CLANG_ENABLE_MODULES = YES;
				CLANG_ENABLE_OBJC_ARC = YES;
				CLANG_ENABLE_OBJC_WEAK = YES;
				CLANG_WARN_BLOCK_CAPTURE_AUTORELEASING = YES;
				CLANG_WARN_BOOL_CONVERSION = YES;
				CLANG_WARN_COMMA = YES;
				CLANG_WARN_CONSTANT_CONVERSION = YES;
				CLANG_WARN_DEPRECATED_OBJC_IMPLEMENTATIONS = YES;
				CLANG_WARN_DIRECT_OBJC_ISA_USAGE = YES_ERROR;
				CLANG_WARN_DOCUMENTATION_COMMENTS = YES;
				CLANG_WARN_EMPTY_BODY = YES;
				CLANG_WARN_ENUM_CONVERSION = YES;
				CLANG_WARN_INFINITE_RECURSION = YES;
				CLANG_WARN_INT_CONVERSION = YES;
				CLANG_WARN_NON_LITERAL_NULL_CONVERSION = YES;
				CLANG_WARN_OBJC_IMPLICIT_RETAIN_SELF = YES;
				CLANG_WARN_OBJC_LITERAL_CONVERSION = YES;
				CLANG_WARN_OBJC_ROOT_CLASS = YES_ERROR;
				CLANG_WARN_QUOTED_INCLUDE_IN_FRAMEWORK_HEADER = YES;
				CLANG_WARN_RANGE_LOOP_ANALYSIS = YES;
				CLANG_WARN_STRICT_PROTOTYPES = YES;
				CLANG_WARN_SUSPICIOUS_MOVE = YES;
				CLANG_WARN_UNGUARDED_AVAILABILITY = YES_AGGRESSIVE;
				CLANG_WARN_UNREACHABLE_CODE = YES;
				CLANG_WARN__DUPLICATE_METHOD_MATCH = YES;
				COPY_PHASE_STRIP = NO;
				DEBUG_INFORMATION_FORMAT = "dwarf-with-dsym";
				ENABLE_NS_ASSERTIONS = NO;
				ENABLE_STRICT_OBJC_MSGSEND = YES;
				GCC_C_LANGUAGE_STANDARD = gnu11;
				GCC_NO_COMMON_BLOCKS = YES;
				GCC_WARN_64_TO_32_BIT_CONVERSION = YES;
				GCC_WARN_ABOUT_RETURN_TYPE = YES_ERROR;
				GCC_WARN_UNDECLARED_SELECTOR = YES;
				GCC_WARN_UNINITIALIZED_AUTOS = YES_AGGRESSIVE;
				GCC_WARN_UNUSED_FUNCTION = YES;
				GCC_WARN_UNUSED_VARIABLE = YES;
				IPHONEOS_DEPLOYMENT_TARGET = 16.2;
				MTL_ENABLE_DEBUG_INFO = NO;
				MTL_FAST_MATH = YES;
				SDKROOT = iphoneos;
				SWIFT_COMPILATION_MODE = wholemodule;
				SWIFT_OPTIMIZATION_LEVEL = "-O";
				VALIDATE_PRODUCT = YES;
			};
			name = Release;
		};
		87040EBA299C923E0086B058 /* Debug */ = {
			isa = XCBuildConfiguration;
			buildSettings = {
				ASSETCATALOG_COMPILER_APPICON_NAME = AppIcon;
				ASSETCATALOG_COMPILER_GLOBAL_ACCENT_COLOR_NAME = AccentColor;
				CODE_SIGN_STYLE = Automatic;
				CURRENT_PROJECT_VERSION = 1;
				GENERATE_INFOPLIST_FILE = YES;
				INFOPLIST_FILE = TableViewExamples/Info.plist;
				INFOPLIST_KEY_UIApplicationSupportsIndirectInputEvents = YES;
				INFOPLIST_KEY_UILaunchStoryboardName = LaunchScreen;
				INFOPLIST_KEY_UIMainStoryboardFile = Main;
				INFOPLIST_KEY_UISupportedInterfaceOrientations_iPad = "UIInterfaceOrientationPortrait UIInterfaceOrientationPortraitUpsideDown UIInterfaceOrientationLandscapeLeft UIInterfaceOrientationLandscapeRight";
				INFOPLIST_KEY_UISupportedInterfaceOrientations_iPhone = "UIInterfaceOrientationPortrait UIInterfaceOrientationLandscapeLeft UIInterfaceOrientationLandscapeRight";
				LD_RUNPATH_SEARCH_PATHS = (
					"$(inherited)",
					"@executable_path/Frameworks",
				);
				MARKETING_VERSION = 1.0;
				PRODUCT_BUNDLE_IDENTIFIER = com.iph.TableViewExamples;
				PRODUCT_NAME = "$(TARGET_NAME)";
				SWIFT_EMIT_LOC_STRINGS = YES;
				SWIFT_VERSION = 5.0;
				TARGETED_DEVICE_FAMILY = "1,2";
			};
			name = Debug;
		};
		87040EBB299C923E0086B058 /* Release */ = {
			isa = XCBuildConfiguration;
			buildSettings = {
				ASSETCATALOG_COMPILER_APPICON_NAME = AppIcon;
				ASSETCATALOG_COMPILER_GLOBAL_ACCENT_COLOR_NAME = AccentColor;
				CODE_SIGN_STYLE = Automatic;
				CURRENT_PROJECT_VERSION = 1;
				GENERATE_INFOPLIST_FILE = YES;
				INFOPLIST_FILE = TableViewExamples/Info.plist;
				INFOPLIST_KEY_UIApplicationSupportsIndirectInputEvents = YES;
				INFOPLIST_KEY_UILaunchStoryboardName = LaunchScreen;
				INFOPLIST_KEY_UIMainStoryboardFile = Main;
				INFOPLIST_KEY_UISupportedInterfaceOrientations_iPad = "UIInterfaceOrientationPortrait UIInterfaceOrientationPortraitUpsideDown UIInterfaceOrientationLandscapeLeft UIInterfaceOrientationLandscapeRight";
				INFOPLIST_KEY_UISupportedInterfaceOrientations_iPhone = "UIInterfaceOrientationPortrait UIInterfaceOrientationLandscapeLeft UIInterfaceOrientationLandscapeRight";
				LD_RUNPATH_SEARCH_PATHS = (
					"$(inherited)",
					"@executable_path/Frameworks",
				);
				MARKETING_VERSION = 1.0;
				PRODUCT_BUNDLE_IDENTIFIER = com.iph.TableViewExamples;
				PRODUCT_NAME = "$(TARGET_NAME)";
				SWIFT_EMIT_LOC_STRINGS = YES;
				SWIFT_VERSION = 5.0;
				TARGETED_DEVICE_FAMILY = "1,2";
			};
			name = Release;
		};
/* End XCBuildConfiguration section */

/* Begin XCConfigurationList section */
		87040EA0299C923A0086B058 /* Build configuration list for PBXProject "TableViewExamples" */ = {
			isa = XCConfigurationList;
			buildConfigurations = (
				87040EB7299C923E0086B058 /* Debug */,
				87040EB8299C923E0086B058 /* Release */,
			);
			defaultConfigurationIsVisible = 0;
			defaultConfigurationName = Release;
		};
		87040EB9299C923E0086B058 /* Build configuration list for PBXNativeTarget "TableViewExamples" */ = {
			isa = XCConfigurationList;
			buildConfigurations = (
				87040EBA299C923E0086B058 /* Debug */,
				87040EBB299C923E0086B058 /* Release */,
			);
			defaultConfigurationIsVisible = 0;
			defaultConfigurationName = Release;
		};
/* End XCConfigurationList section */
	};
	rootObject = 87040E9D299C923A0086B058 /* Project object */;
}
